// !$*UTF8*$!
{
	archiveVersion = 1;
	classes = {
	};
	objectVersion = 46;
	objects = {

/* Begin PBXBuildFile section */
		F12BD3891A2C1C7D00C27A14 /* AppDelegate.m in Sources */ = {isa = PBXBuildFile; fileRef = F12BD3881A2C1C7D00C27A14 /* AppDelegate.m */; };
		F12BD38B1A2C1C7D00C27A14 /* main.m in Sources */ = {isa = PBXBuildFile; fileRef = F12BD38A1A2C1C7D00C27A14 /* main.m */; };
		F12BD38D1A2C1C7D00C27A14 /* Images.xcassets in Resources */ = {isa = PBXBuildFile; fileRef = F12BD38C1A2C1C7D00C27A14 /* Images.xcassets */; };
		F12BD3901A2C1C7D00C27A14 /* MainMenu.xib in Resources */ = {isa = PBXBuildFile; fileRef = F12BD38E1A2C1C7D00C27A14 /* MainMenu.xib */; };
		F12BD39C1A2C1C7D00C27A14 /* testBLETests.m in Sources */ = {isa = PBXBuildFile; fileRef = F12BD39B1A2C1C7D00C27A14 /* testBLETests.m */; };
/* End PBXBuildFile section */

/* Begin PBXContainerItemProxy section */
		F12BD3961A2C1C7D00C27A14 /* PBXContainerItemProxy */ = {
			isa = PBXContainerItemProxy;
			containerPortal = F12BD37A1A2C1C7D00C27A14 /* Project object */;
			proxyType = 1;
			remoteGlobalIDString = F12BD3811A2C1C7D00C27A14;
			remoteInfo = testBLE;
		};
/* End PBXContainerItemProxy section */

/* Begin PBXFileReference section */
		F12BD3821A2C1C7D00C27A14 /* testBLE.app */ = {isa = PBXFileReference; explicitFileType = wrapper.application; includeInIndex = 0; path = testBLE.app; sourceTree = BUILT_PRODUCTS_DIR; };
		F12BD3861A2C1C7D00C27A14 /* Info.plist */ = {isa = PBXFileReference; lastKnownFileType = text.plist.xml; path = Info.plist; sourceTree = "<group>"; };
		F12BD3871A2C1C7D00C27A14 /* AppDelegate.h */ = {isa = PBXFileReference; lastKnownFileType = sourcecode.c.h; path = AppDelegate.h; sourceTree = "<group>"; };
		F12BD3881A2C1C7D00C27A14 /* AppDelegate.m */ = {isa = PBXFileReference; lastKnownFileType = sourcecode.c.objc; path = AppDelegate.m; sourceTree = "<group>"; };
		F12BD38A1A2C1C7D00C27A14 /* main.m */ = {isa = PBXFileReference; lastKnownFileType = sourcecode.c.objc; path = main.m; sourceTree = "<group>"; };
		F12BD38C1A2C1C7D00C27A14 /* Images.xcassets */ = {isa = PBXFileReference; lastKnownFileType = folder.assetcatalog; path = Images.xcassets; sourceTree = "<group>"; };
		F12BD38F1A2C1C7D00C27A14 /* Base */ = {isa = PBXFileReference; lastKnownFileType = file.xib; name = Base; path = Base.lproj/MainMenu.xib; sourceTree = "<group>"; };
		F12BD3951A2C1C7D00C27A14 /* testBLETests.xctest */ = {isa = PBXFileReference; explicitFileType = wrapper.cfbundle; includeInIndex = 0; path = testBLETests.xctest; sourceTree = BUILT_PRODUCTS_DIR; };
		F12BD39A1A2C1C7D00C27A14 /* Info.plist */ = {isa = PBXFileReference; lastKnownFileType = text.plist.xml; path = Info.plist; sourceTree = "<group>"; };
		F12BD39B1A2C1C7D00C27A14 /* testBLETests.m */ = {isa = PBXFileReference; lastKnownFileType = sourcecode.c.objc; path = testBLETests.m; sourceTree = "<group>"; };
/* End PBXFileReference section */

/* Begin PBXFrameworksBuildPhase section */
		F12BD37F1A2C1C7D00C27A14 /* Frameworks */ = {
			isa = PBXFrameworksBuildPhase;
			buildActionMask = 2147483647;
			files = (
			);
			runOnlyForDeploymentPostprocessing = 0;
		};
		F12BD3921A2C1C7D00C27A14 /* Frameworks */ = {
			isa = PBXFrameworksBuildPhase;
			buildActionMask = 2147483647;
			files = (
			);
			runOnlyForDeploymentPostprocessing = 0;
		};
/* End PBXFrameworksBuildPhase section */

/* Begin PBXGroup section */
		F12BD3791A2C1C7D00C27A14 = {
			isa = PBXGroup;
			children = (
				F12BD3841A2C1C7D00C27A14 /* testBLE */,
				F12BD3981A2C1C7D00C27A14 /* testBLETests */,
				F12BD3831A2C1C7D00C27A14 /* Products */,
			);
			sourceTree = "<group>";
		};
		F12BD3831A2C1C7D00C27A14 /* Products */ = {
			isa = PBXGroup;
			children = (
				F12BD3821A2C1C7D00C27A14 /* testBLE.app */,
				F12BD3951A2C1C7D00C27A14 /* testBLETests.xctest */,
			);
			name = Products;
			sourceTree = "<group>";
		};
		F12BD3841A2C1C7D00C27A14 /* testBLE */ = {
			isa = PBXGroup;
			children = (
				F12BD3871A2C1C7D00C27A14 /* AppDelegate.h */,
				F12BD3881A2C1C7D00C27A14 /* AppDelegate.m */,
				F12BD38C1A2C1C7D00C27A14 /* Images.xcassets */,
				F12BD38E1A2C1C7D00C27A14 /* MainMenu.xib */,
				F12BD3851A2C1C7D00C27A14 /* Supporting Files */,
			);
			path = testBLE;
			sourceTree = "<group>";
		};
		F12BD3851A2C1C7D00C27A14 /* Supporting Files */ = {
			isa = PBXGroup;
			children = (
				F12BD3861A2C1C7D00C27A14 /* Info.plist */,
				F12BD38A1A2C1C7D00C27A14 /* main.m */,
			);
			name = "Supporting Files";
			sourceTree = "<group>";
		};
		F12BD3981A2C1C7D00C27A14 /* testBLETests */ = {
			isa = PBXGroup;
			children = (
				F12BD39B1A2C1C7D00C27A14 /* testBLETests.m */,
				F12BD3991A2C1C7D00C27A14 /* Supporting Files */,
			);
			path = testBLETests;
			sourceTree = "<group>";
		};
		F12BD3991A2C1C7D00C27A14 /* Supporting Files */ = {
			isa = PBXGroup;
			children = (
				F12BD39A1A2C1C7D00C27A14 /* Info.plist */,
			);
			name = "Supporting Files";
			sourceTree = "<group>";
		};
/* End PBXGroup section */

/* Begin PBXNativeTarget section */
		F12BD3811A2C1C7D00C27A14 /* testBLE */ = {
			isa = PBXNativeTarget;
			buildConfigurationList = F12BD39F1A2C1C7D00C27A14 /* Build configuration list for PBXNativeTarget "testBLE" */;
			buildPhases = (
				F12BD37E1A2C1C7D00C27A14 /* Sources */,
				F12BD37F1A2C1C7D00C27A14 /* Frameworks */,
				F12BD3801A2C1C7D00C27A14 /* Resources */,
			);
			buildRules = (
			);
			dependencies = (
			);
			name = testBLE;
			productName = testBLE;
			productReference = F12BD3821A2C1C7D00C27A14 /* testBLE.app */;
			productType = "com.apple.product-type.application";
		};
		F12BD3941A2C1C7D00C27A14 /* testBLETests */ = {
			isa = PBXNativeTarget;
			buildConfigurationList = F12BD3A21A2C1C7D00C27A14 /* Build configuration list for PBXNativeTarget "testBLETests" */;
			buildPhases = (
				F12BD3911A2C1C7D00C27A14 /* Sources */,
				F12BD3921A2C1C7D00C27A14 /* Frameworks */,
				F12BD3931A2C1C7D00C27A14 /* Resources */,
			);
			buildRules = (
			);
			dependencies = (
				F12BD3971A2C1C7D00C27A14 /* PBXTargetDependency */,
			);
			name = testBLETests;
			productName = testBLETests;
			productReference = F12BD3951A2C1C7D00C27A14 /* testBLETests.xctest */;
			productType = "com.apple.product-type.bundle.unit-test";
		};
/* End PBXNativeTarget section */

/* Begin PBXProject section */
		F12BD37A1A2C1C7D00C27A14 /* Project object */ = {
			isa = PBXProject;
			attributes = {
				LastUpgradeCheck = 0610;
				ORGANIZATIONNAME = gotojo;
				TargetAttributes = {
					F12BD3811A2C1C7D00C27A14 = {
						CreatedOnToolsVersion = 6.1;
					};
					F12BD3941A2C1C7D00C27A14 = {
						CreatedOnToolsVersion = 6.1;
						TestTargetID = F12BD3811A2C1C7D00C27A14;
					};
				};
			};
			buildConfigurationList = F12BD37D1A2C1C7D00C27A14 /* Build configuration list for PBXProject "testBLE" */;
			compatibilityVersion = "Xcode 3.2";
			developmentRegion = English;
			hasScannedForEncodings = 0;
			knownRegions = (
				en,
				Base,
			);
			mainGroup = F12BD3791A2C1C7D00C27A14;
			productRefGroup = F12BD3831A2C1C7D00C27A14 /* Products */;
			projectDirPath = "";
			projectRoot = "";
			targets = (
				F12BD3811A2C1C7D00C27A14 /* testBLE */,
				F12BD3941A2C1C7D00C27A14 /* testBLETests */,
			);
		};
/* End PBXProject section */

/* Begin PBXResourcesBuildPhase section */
		F12BD3801A2C1C7D00C27A14 /* Resources */ = {
			isa = PBXResourcesBuildPhase;
			buildActionMask = 2147483647;
			files = (
				F12BD38D1A2C1C7D00C27A14 /* Images.xcassets in Resources */,
				F12BD3901A2C1C7D00C27A14 /* MainMenu.xib in Resources */,
			);
			runOnlyForDeploymentPostprocessing = 0;
		};
		F12BD3931A2C1C7D00C27A14 /* Resources */ = {
			isa = PBXResourcesBuildPhase;
			buildActionMask = 2147483647;
			files = (
			);
			runOnlyForDeploymentPostprocessing = 0;
		};
/* End PBXResourcesBuildPhase section */

/* Begin PBXSourcesBuildPhase section */
		F12BD37E1A2C1C7D00C27A14 /* Sources */ = {
			isa = PBXSourcesBuildPhase;
			buildActionMask = 2147483647;
			files = (
				F12BD38B1A2C1C7D00C27A14 /* main.m in Sources */,
				F12BD3891A2C1C7D00C27A14 /* AppDelegate.m in Sources */,
			);
			runOnlyForDeploymentPostprocessing = 0;
		};
		F12BD3911A2C1C7D00C27A14 /* Sources */ = {
			isa = PBXSourcesBuildPhase;
			buildActionMask = 2147483647;
			files = (
				F12BD39C1A2C1C7D00C27A14 /* testBLETests.m in Sources */,
			);
			runOnlyForDeploymentPostprocessing = 0;
		};
/* End PBXSourcesBuildPhase section */

/* Begin PBXTargetDependency section */
		F12BD3971A2C1C7D00C27A14 /* PBXTargetDependency */ = {
			isa = PBXTargetDependency;
			target = F12BD3811A2C1C7D00C27A14 /* testBLE */;
			targetProxy = F12BD3961A2C1C7D00C27A14 /* PBXContainerItemProxy */;
		};
/* End PBXTargetDependency section */

/* Begin PBXVariantGroup section */
		F12BD38E1A2C1C7D00C27A14 /* MainMenu.xib */ = {
			isa = PBXVariantGroup;
			children = (
				F12BD38F1A2C1C7D00C27A14 /* Base */,
			);
			name = MainMenu.xib;
			sourceTree = "<group>";
		};
/* End PBXVariantGroup section */

/* Begin XCBuildConfiguration section */
		F12BD39D1A2C1C7D00C27A14 /* Debug */ = {
			isa = XCBuildConfiguration;
			buildSettings = {
				ALWAYS_SEARCH_USER_PATHS = NO;
				CLANG_CXX_LANGUAGE_STANDARD = "gnu++0x";
				CLANG_CXX_LIBRARY = "libc++";
				CLANG_ENABLE_MODULES = YES;
				CLANG_ENABLE_OBJC_ARC = YES;
				CLANG_WARN_BOOL_CONVERSION = YES;
				CLANG_WARN_CONSTANT_CONVERSION = YES;
				CLANG_WARN_DIRECT_OBJC_ISA_USAGE = YES_ERROR;
				CLANG_WARN_EMPTY_BODY = YES;
				CLANG_WARN_ENUM_CONVERSION = YES;
				CLANG_WARN_INT_CONVERSION = YES;
				CLANG_WARN_OBJC_ROOT_CLASS = YES_ERROR;
				CLANG_WARN_UNREACHABLE_CODE = YES;
				CLANG_WARN__DUPLICATE_METHOD_MATCH = YES;
				CODE_SIGN_IDENTITY = "-";
				COPY_PHASE_STRIP = NO;
				ENABLE_STRICT_OBJC_MSGSEND = YES;
				GCC_C_LANGUAGE_STANDARD = gnu99;
				GCC_DYNAMIC_NO_PIC = NO;
				GCC_OPTIMIZATION_LEVEL = 0;
				GCC_PREPROCESSOR_DEFINITIONS = (
					"DEBUG=1",
					"$(inherited)",
				);
				GCC_SYMBOLS_PRIVATE_EXTERN = NO;
				GCC_WARN_64_TO_32_BIT_CONVERSION = YES;
				GCC_WARN_ABOUT_RETURN_TYPE = YES_ERROR;
				GCC_WARN_UNDECLARED_SELECTOR = YES;
				GCC_WARN_UNINITIALIZED_AUTOS = YES_AGGRESSIVE;
				GCC_WARN_UNUSED_FUNCTION = YES;
				GCC_WARN_UNUSED_VARIABLE = YES;
				MACOSX_DEPLOYMENT_TARGET = 10.9;
				MTL_ENABLE_DEBUG_INFO = YES;
				ONLY_ACTIVE_ARCH = YES;
				SDKROOT = macosx;
			};
			name = Debug;
		};
		F12BD39E1A2C1C7D00C27A14 /* Release */ = {
			isa = XCBuildConfiguration;
			buildSettings = {
				ALWAYS_SEARCH_USER_PATHS = NO;
				CLANG_CXX_LANGUAGE_STANDARD = "gnu++0x";
				CLANG_CXX_LIBRARY = "libc++";
				CLANG_ENABLE_MODULES = YES;
				CLANG_ENABLE_OBJC_ARC = YES;
				CLANG_WARN_BOOL_CONVERSION = YES;
				CLANG_WARN_CONSTANT_CONVERSION = YES;
				CLANG_WARN_DIRECT_OBJC_ISA_USAGE = YES_ERROR;
				CLANG_WARN_EMPTY_BODY = YES;
				CLANG_WARN_ENUM_CONVERSION = YES;
				CLANG_WARN_INT_CONVERSION = YES;
				CLANG_WARN_OBJC_ROOT_CLASS = YES_ERROR;
				CLANG_WARN_UNREACHABLE_CODE = YES;
				CLANG_WARN__DUPLICATE_METHOD_MATCH = YES;
				CODE_SIGN_IDENTITY = "-";
				COPY_PHASE_STRIP = YES;
				DEBUG_INFORMATION_FORMAT = "dwarf-with-dsym";
				ENABLE_NS_ASSERTIONS = NO;
				ENABLE_STRICT_OBJC_MSGSEND = YES;
				GCC_C_LANGUAGE_STANDARD = gnu99;
				GCC_WARN_64_TO_32_BIT_CONVERSION = YES;
				GCC_WARN_ABOUT_RETURN_TYPE = YES_ERROR;
				GCC_WARN_UNDECLARED_SELECTOR = YES;
				GCC_WARN_UNINITIALIZED_AUTOS = YES_AGGRESSIVE;
				GCC_WARN_UNUSED_FUNCTION = YES;
				GCC_WARN_UNUSED_VARIABLE = YES;
				MACOSX_DEPLOYMENT_TARGET = 10.9;
				MTL_ENABLE_DEBUG_INFO = NO;
				SDKROOT = macosx;
			};
			name = Release;
		};
		F12BD3A01A2C1C7D00C27A14 /* Debug */ = {
			isa = XCBuildConfiguration;
			buildSettings = {
				ASSETCATALOG_COMPILER_APPICON_NAME = AppIcon;
				COMBINE_HIDPI_IMAGES = YES;
				INFOPLIST_FILE = testBLE/Info.plist;
				LD_RUNPATH_SEARCH_PATHS = "$(inherited) @executable_path/../Frameworks";
				PRODUCT_NAME = "$(TARGET_NAME)";
			};
			name = Debug;
		};
		F12BD3A11A2C1C7D00C27A14 /* Release */ = {
			isa = XCBuildConfiguration;
			buildSettings = {
				ASSETCATALOG_COMPILER_APPICON_NAME = AppIcon;
				COMBINE_HIDPI_IMAGES = YES;
				INFOPLIST_FILE = testBLE/Info.plist;
				LD_RUNPATH_SEARCH_PATHS = "$(inherited) @executable_path/../Frameworks";
				PRODUCT_NAME = "$(TARGET_NAME)";
			};
			name = Release;
		};
		F12BD3A31A2C1C7D00C27A14 /* Debug */ = {
			isa = XCBuildConfiguration;
			buildSettings = {
				BUNDLE_LOADER = "$(TEST_HOST)";
				COMBINE_HIDPI_IMAGES = YES;
				FRAMEWORK_SEARCH_PATHS = (
					"$(DEVELOPER_FRAMEWORKS_DIR)",
					"$(inherited)",
				);
				GCC_PREPROCESSOR_DEFINITIONS = (
					"DEBUG=1",
					"$(inherited)",
				);
				INFOPLIST_FILE = testBLETests/Info.plist;
				LD_RUNPATH_SEARCH_PATHS = "$(inherited) @executable_path/../Frameworks @loader_path/../Frameworks";
				PRODUCT_NAME = "$(TARGET_NAME)";
				TEST_HOST = "$(BUILT_PRODUCTS_DIR)/testBLE.app/Contents/MacOS/testBLE";
			};
			name = Debug;
		};
		F12BD3A41A2C1C7D00C27A14 /* Release */ = {
			isa = XCBuildConfiguration;
			buildSettings = {
				BUNDLE_LOADER = "$(TEST_HOST)";
				COMBINE_HIDPI_IMAGES = YES;
				FRAMEWORK_SEARCH_PATHS = (
					"$(DEVELOPER_FRAMEWORKS_DIR)",
					"$(inherited)",
				);
				INFOPLIST_FILE = testBLETests/Info.plist;
				LD_RUNPATH_SEARCH_PATHS = "$(inherited) @executable_path/../Frameworks @loader_path/../Frameworks";
				PRODUCT_NAME = "$(TARGET_NAME)";
				TEST_HOST = "$(BUILT_PRODUCTS_DIR)/testBLE.app/Contents/MacOS/testBLE";
			};
			name = Release;
		};
/* End XCBuildConfiguration section */

/* Begin XCConfigurationList section */
		F12BD37D1A2C1C7D00C27A14 /* Build configuration list for PBXProject "testBLE" */ = {
			isa = XCConfigurationList;
			buildConfigurations = (
				F12BD39D1A2C1C7D00C27A14 /* Debug */,
				F12BD39E1A2C1C7D00C27A14 /* Release */,
			);
			defaultConfigurationIsVisible = 0;
			defaultConfigurationName = Release;
		};
		F12BD39F1A2C1C7D00C27A14 /* Build configuration list for PBXNativeTarget "testBLE" */ = {
			isa = XCConfigurationList;
			buildConfigurations = (
				F12BD3A01A2C1C7D00C27A14 /* Debug */,
				F12BD3A11A2C1C7D00C27A14 /* Release */,
			);
			defaultConfigurationIsVisible = 0;
		};
		F12BD3A21A2C1C7D00C27A14 /* Build configuration list for PBXNativeTarget "testBLETests" */ = {
			isa = XCConfigurationList;
			buildConfigurations = (
				F12BD3A31A2C1C7D00C27A14 /* Debug */,
				F12BD3A41A2C1C7D00C27A14 /* Release */,
			);
			defaultConfigurationIsVisible = 0;
		};
/* End XCConfigurationList section */
	};
	rootObject = F12BD37A1A2C1C7D00C27A14 /* Project object */;
}
